<?xml version="1.0" encoding="utf-8"?>
<Project ToolsVersion="4.0" xmlns="http://schemas.microsoft.com/developer/msbuild/2003">
  <ItemGroup>
    <Filter Include="Archivos de recursos">
      <UniqueIdentifier>{67DA6AB6-F800-4c08-8B7A-83BB121AAD01}</UniqueIdentifier>
      <Extensions>rc;ico;cur;bmp;dlg;rc2;rct;bin;rgs;gif;jpg;jpeg;jpe;resx;tiff;tif;png;wav;mfcribbon-ms</Extensions>
    </Filter>
    <Filter Include="src">
      <UniqueIdentifier>{4FC737F1-C7A5-4376-A066-2A32D752A2FF}</UniqueIdentifier>
      <Extensions>cpp;c;cc;cxx;def;odl;idl;hpj;bat;asm;asmx</Extensions>
    </Filter>
    <Filter Include="include">
      <UniqueIdentifier>{93995380-89BD-4b04-88EB-625FBE52EBFB}</UniqueIdentifier>
      <Extensions>h;hpp;hxx;hm;inl;inc;xsd</Extensions>
    </Filter>
    <Filter Include="shaders">
      <UniqueIdentifier>{aa4b4531-77bb-4a9c-b1c9-df09d8c75050}</UniqueIdentifier>
    </Filter>
  </ItemGroup>
  <ItemGroup>
    <ClCompile Include="src\openvr_main.cpp">
      <Filter>src</Filter>
    </ClCompile>
    <ClCompile Include="src\scene_manager.cpp">
      <Filter>src</Filter>
    </ClCompile>
    <ClCompile Include="src\shader.cpp">
      <Filter>src</Filter>
    </ClCompile>
    <ClCompile Include="src\render_model.cpp">
      <Filter>src</Filter>
    </ClCompile>
  </ItemGroup>
  <ItemGroup>
    <ClInclude Include="include\scene_manager.h">
      <Filter>include</Filter>
    </ClInclude>
    <ClInclude Include="include\models.h">
      <Filter>include</Filter>
    </ClInclude>
    <ClInclude Include="include\shader.h">
      <Filter>include</Filter>
    </ClInclude>
    <ClInclude Include="include\render_model.h">
      <Filter>include</Filter>
    </ClInclude>
  </ItemGroup>
  <ItemGroup>
    <None Include="src\scene_shader.frag">
      <Filter>shaders</Filter>
    </None>
    <None Include="src\scene_shader.vert">
      <Filter>shaders</Filter>
    </None>
    <None Include="src\screen_shader.vert">
      <Filter>shaders</Filter>
    </None>
    <None Include="src\screen_shader.frag">
      <Filter>shaders</Filter>
    </None>
    <None Include="src\render_model_shader.frag">
      <Filter>shaders</Filter>
    </None>
    <None Include="src\render_model_shader.vert">
      <Filter>shaders</Filter>
    </None>
  </ItemGroup>
</Project>